{
  "requires": true,
  "lockfileVersion": 1,
  "dependencies": {
    "imask": {
      "version": "3.1.1",
      "resolved": "https://registry.npmjs.org/imask/-/imask-3.1.1.tgz",
      "integrity": "sha512-r0iW7GsDON8IL0gFeJE3zjlTUJe38AALAVf+B1JcCurz1TlnpT6tnYwY0ib73B4jXZfr7c8WMmHoTaAXCBhqqg=="
    },
    "install": {
      "version": "0.10.2",
      "resolved": "https://registry.npmjs.org/install/-/install-0.10.2.tgz",
      "integrity": "sha512-CcH+s/Z1Eir84zHRe5S2Hw/UWsTrgtQHdootbrjVopShGOcPe+aCfLq9Yyw1sEq8dZbeLWxXAqm2QwDx4hrE0w=="
    },
    "underscore": {
      "version": "https://registry.npmjs.org/underscore/-/underscore-1.8.3.tgz",
      "integrity": "sha1-Tz+1OxBuYJf8+ctBCfKl6b36UCI="
    },
    "vue": {
      "version": "https://registry.npmjs.org/vue/-/vue-2.5.9.tgz",
      "integrity": "sha1-sjgM0ECRXcppiB2v0SHXYJUuZfc="
    },
    "vue-imask": {
      "version": "1.1.0",
      "resolved": "https://registry.npmjs.org/vue-imask/-/vue-imask-1.1.0.tgz",
      "integrity": "sha512-uBXJym3vwMdS2hY4Nz25KT17/VCOwBH1fKiNrm3oN30Da7d67WpkyPVsOYLmX/KbebZUVTxlUHCzUtBFWKPbpQ==",
      "requires": {
        "imask": "3.1.1"
      }
    },
    "vue-router": {
      "version": "https://registry.npmjs.org/vue-router/-/vue-router-3.0.1.tgz",
      "integrity": "sha1-2bBa2cdCC6D2JtZQDWk+YAkswek="
    },
    "vuex": {
      "version": "https://registry.npmjs.org/vuex/-/vuex-3.0.1.tgz",
      "integrity": "sha1-52E1Lr4K9TfUu3Vam53Evj3379I="
    }
  }
}
